
Microsoft Visual Studio Solution File, Format Version 12.00
# Visual Studio Version 17
VisualStudioVersion = 17.2.32526.322
MinimumVisualStudioVersion = 10.0.40219.1
Project("{8BC9CEB8-8B4A-11D0-8D11-00A0C91BC942}") = "smallpp", "src\smallpp\smallpp.vcxitems", "{2E669F36-2BF6-4800-BB57-AAF5D5D97938}"
EndProject
Project("{8BC9CEB8-8B4A-11D0-8D11-00A0C91BC942}") = "generator", "src\generator\generator.vcxproj", "{06B5E2FB-AB9A-42C3-9DF9-C7A7CD3BB669}"
EndProject
Project("{8BC9CEB8-8B4A-11D0-8D11-00A0C91BC942}") = "example", "src\example\example.vcxproj", "{172F58F0-EA8A-4934-B428-690E4BA9CC0F}"
EndProject
Global
	GlobalSection(SolutionConfigurationPlatforms) = preSolution
		Debug|x64 = Debug|x64
		Debug|x86 = Debug|x86
		Release|x64 = Release|x64
		Release|x86 = Release|x86
	EndGlobalSection
	GlobalSection(ProjectConfigurationPlatforms) = postSolution
		{06B5E2FB-AB9A-42C3-9DF9-C7A7CD3BB669}.Debug|x64.ActiveCfg = Debug|x64
		{06B5E2FB-AB9A-42C3-9DF9-C7A7CD3BB669}.Debug|x64.Build.0 = Debug|x64
		{06B5E2FB-AB9A-42C3-9DF9-C7A7CD3BB669}.Debug|x86.ActiveCfg = Debug|Win32
		{06B5E2FB-AB9A-42C3-9DF9-C7A7CD3BB669}.Debug|x86.Build.0 = Debug|Win32
		{06B5E2FB-AB9A-42C3-9DF9-C7A7CD3BB669}.Release|x64.ActiveCfg = Release|x64
		{06B5E2FB-AB9A-42C3-9DF9-C7A7CD3BB669}.Release|x64.Build.0 = Release|x64
		{06B5E2FB-AB9A-42C3-9DF9-C7A7CD3BB669}.Release|x86.ActiveCfg = Release|Win32
		{06B5E2FB-AB9A-42C3-9DF9-C7A7CD3BB669}.Release|x86.Build.0 = Release|Win32
		{172F58F0-EA8A-4934-B428-690E4BA9CC0F}.Debug|x64.ActiveCfg = Debug|x64
		{172F58F0-EA8A-4934-B428-690E4BA9CC0F}.Debug|x64.Build.0 = Debug|x64
		{172F58F0-EA8A-4934-B428-690E4BA9CC0F}.Debug|x86.ActiveCfg = Debug|Win32
		{172F58F0-EA8A-4934-B428-690E4BA9CC0F}.Debug|x86.Build.0 = Debug|Win32
		{172F58F0-EA8A-4934-B428-690E4BA9CC0F}.Release|x64.ActiveCfg = Release|x64
		{172F58F0-EA8A-4934-B428-690E4BA9CC0F}.Release|x64.Build.0 = Release|x64
		{172F58F0-EA8A-4934-B428-690E4BA9CC0F}.Release|x86.ActiveCfg = Release|Win32
		{172F58F0-EA8A-4934-B428-690E4BA9CC0F}.Release|x86.Build.0 = Release|Win32
	EndGlobalSection
	GlobalSection(SolutionProperties) = preSolution
		HideSolutionNode = FALSE
	EndGlobalSection
	GlobalSection(ExtensibilityGlobals) = postSolution
		SolutionGuid = {59E708FC-1F52-4371-9BB6-497852C09EE6}
	EndGlobalSection
EndGlobal
